
Microsoft Visual Studio Solution File, Format Version 12.00
# Visual Studio Express 2012 for Windows Desktop
Project("{FAE04EC0-301F-11D3-BF4B-00C04F79EFBC}") = "clase 02-05-2023", "clase 02-05-2023\clase 02-05-2023.csproj", "{16586D89-3D96-4C61-8C8A-B927C9086042}"
EndProject
Global
	GlobalSection(SolutionConfigurationPlatforms) = preSolution
		Debug|Any CPU = Debug|Any CPU
		Release|Any CPU = Release|Any CPU
	EndGlobalSection
	GlobalSection(ProjectConfigurationPlatforms) = postSolution
		{16586D89-3D96-4C61-8C8A-B927C9086042}.Debug|Any CPU.ActiveCfg = Debug|Any CPU
		{16586D89-3D96-4C61-8C8A-B927C9086042}.Debug|Any CPU.Build.0 = Debug|Any CPU
		{16586D89-3D96-4C61-8C8A-B927C9086042}.Release|Any CPU.ActiveCfg = Release|Any CPU
		{16586D89-3D96-4C61-8C8A-B927C9086042}.Release|Any CPU.Build.0 = Release|Any CPU
	EndGlobalSection
	GlobalSection(SolutionProperties) = preSolution
		HideSolutionNode = FALSE
	EndGlobalSection
EndGlobal
