
Microsoft Visual Studio Solution File, Format Version 12.00
# Visual Studio Express 2012 for Windows Desktop
Project("{FAE04EC0-301F-11D3-BF4B-00C04F79EFBC}") = "clase 4-4-23 2", "clase 4-4-23 2\clase 4-4-23 2.csproj", "{0CC32B14-86AC-4071-A5E4-B0C42718C312}"
EndProject
Global
	GlobalSection(SolutionConfigurationPlatforms) = preSolution
		Debug|Any CPU = Debug|Any CPU
		Release|Any CPU = Release|Any CPU
	EndGlobalSection
	GlobalSection(ProjectConfigurationPlatforms) = postSolution
		{0CC32B14-86AC-4071-A5E4-B0C42718C312}.Debug|Any CPU.ActiveCfg = Debug|Any CPU
		{0CC32B14-86AC-4071-A5E4-B0C42718C312}.Debug|Any CPU.Build.0 = Debug|Any CPU
		{0CC32B14-86AC-4071-A5E4-B0C42718C312}.Release|Any CPU.ActiveCfg = Release|Any CPU
		{0CC32B14-86AC-4071-A5E4-B0C42718C312}.Release|Any CPU.Build.0 = Release|Any CPU
	EndGlobalSection
	GlobalSection(SolutionProperties) = preSolution
		HideSolutionNode = FALSE
	EndGlobalSection
EndGlobal
