
Microsoft Visual Studio Solution File, Format Version 12.00
# Visual Studio Express 2012 for Windows Desktop
Project("{FAE04EC0-301F-11D3-BF4B-00C04F79EFBC}") = "Matriz interfaz grafica", "Matriz interfaz grafica\Matriz interfaz grafica.csproj", "{7C341F70-7C37-4F14-8DB3-7B5C9C5515DB}"
EndProject
Global
	GlobalSection(SolutionConfigurationPlatforms) = preSolution
		Debug|Any CPU = Debug|Any CPU
		Release|Any CPU = Release|Any CPU
	EndGlobalSection
	GlobalSection(ProjectConfigurationPlatforms) = postSolution
		{7C341F70-7C37-4F14-8DB3-7B5C9C5515DB}.Debug|Any CPU.ActiveCfg = Debug|Any CPU
		{7C341F70-7C37-4F14-8DB3-7B5C9C5515DB}.Debug|Any CPU.Build.0 = Debug|Any CPU
		{7C341F70-7C37-4F14-8DB3-7B5C9C5515DB}.Release|Any CPU.ActiveCfg = Release|Any CPU
		{7C341F70-7C37-4F14-8DB3-7B5C9C5515DB}.Release|Any CPU.Build.0 = Release|Any CPU
	EndGlobalSection
	GlobalSection(SolutionProperties) = preSolution
		HideSolutionNode = FALSE
	EndGlobalSection
EndGlobal
